
Microsoft Visual Studio Solution File, Format Version 12.00
# Visual Studio Version 16
VisualStudioVersion = 16.0.29326.143
MinimumVisualStudioVersion = 10.0.40219.1
Project("{FAE04EC0-301F-11D3-BF4B-00C04F79EFBC}") = "Prob 1 LINQ", "Prob 1 LINQ\Prob 1 LINQ.csproj", "{B0710477-0B2E-4899-94B0-63E2659906D0}"
EndProject
Project("{FAE04EC0-301F-11D3-BF4B-00C04F79EFBC}") = "Prob 2 XML Using LINQ", "Prob 2 XML Using LINQ\Prob 2 XML Using LINQ.csproj", "{F73BDF8D-21FD-4C47-B089-6B70FC73F2B8}"
EndProject
Project("{FAE04EC0-301F-11D3-BF4B-00C04F79EFBC}") = "Prob 3 NUnit", "Prob 3 NUnit\Prob 3 NUnit.csproj", "{17448769-3948-444E-B7E0-82C608AD8AFB}"
EndProject
Global
	GlobalSection(SolutionConfigurationPlatforms) = preSolution
		Debug|Any CPU = Debug|Any CPU
		Release|Any CPU = Release|Any CPU
	EndGlobalSection
	GlobalSection(ProjectConfigurationPlatforms) = postSolution
		{B0710477-0B2E-4899-94B0-63E2659906D0}.Debug|Any CPU.ActiveCfg = Debug|Any CPU
		{B0710477-0B2E-4899-94B0-63E2659906D0}.Debug|Any CPU.Build.0 = Debug|Any CPU
		{B0710477-0B2E-4899-94B0-63E2659906D0}.Release|Any CPU.ActiveCfg = Release|Any CPU
		{B0710477-0B2E-4899-94B0-63E2659906D0}.Release|Any CPU.Build.0 = Release|Any CPU
		{F73BDF8D-21FD-4C47-B089-6B70FC73F2B8}.Debug|Any CPU.ActiveCfg = Debug|Any CPU
		{F73BDF8D-21FD-4C47-B089-6B70FC73F2B8}.Debug|Any CPU.Build.0 = Debug|Any CPU
		{F73BDF8D-21FD-4C47-B089-6B70FC73F2B8}.Release|Any CPU.ActiveCfg = Release|Any CPU
		{F73BDF8D-21FD-4C47-B089-6B70FC73F2B8}.Release|Any CPU.Build.0 = Release|Any CPU
		{17448769-3948-444E-B7E0-82C608AD8AFB}.Debug|Any CPU.ActiveCfg = Debug|Any CPU
		{17448769-3948-444E-B7E0-82C608AD8AFB}.Debug|Any CPU.Build.0 = Debug|Any CPU
		{17448769-3948-444E-B7E0-82C608AD8AFB}.Release|Any CPU.ActiveCfg = Release|Any CPU
		{17448769-3948-444E-B7E0-82C608AD8AFB}.Release|Any CPU.Build.0 = Release|Any CPU
	EndGlobalSection
	GlobalSection(SolutionProperties) = preSolution
		HideSolutionNode = FALSE
	EndGlobalSection
	GlobalSection(ExtensibilityGlobals) = postSolution
		SolutionGuid = {3D018F45-7CEF-48E2-A7D6-DEBBC77F54D1}
	EndGlobalSection
EndGlobal
